
Microsoft Visual Studio Solution File, Format Version 12.00
# Visual Studio Version 17
VisualStudioVersion = 17.10.35013.160
MinimumVisualStudioVersion = 10.0.40219.1
Project("{FAE04EC0-301F-11D3-BF4B-00C04F79EFBC}") = "IslandGarageAPI", "IslandGarageAPI\IslandGarageAPI.csproj", "{81757714-1CD0-44D6-BE51-033C69EAF1DC}"
EndProject
Global
	GlobalSection(SolutionConfigurationPlatforms) = preSolution
		Debug|Any CPU = Debug|Any CPU
		Release|Any CPU = Release|Any CPU
	EndGlobalSection
	GlobalSection(ProjectConfigurationPlatforms) = postSolution
		{81757714-1CD0-44D6-BE51-033C69EAF1DC}.Debug|Any CPU.ActiveCfg = Debug|Any CPU
		{81757714-1CD0-44D6-BE51-033C69EAF1DC}.Debug|Any CPU.Build.0 = Debug|Any CPU
		{81757714-1CD0-44D6-BE51-033C69EAF1DC}.Release|Any CPU.ActiveCfg = Release|Any CPU
		{81757714-1CD0-44D6-BE51-033C69EAF1DC}.Release|Any CPU.Build.0 = Release|Any CPU
	EndGlobalSection
	GlobalSection(SolutionProperties) = preSolution
		HideSolutionNode = FALSE
	EndGlobalSection
	GlobalSection(ExtensibilityGlobals) = postSolution
		SolutionGuid = {140FB129-055D-4A52-8A68-58D9019AD340}
	EndGlobalSection
EndGlobal
